
Microsoft Visual Studio Solution File, Format Version 12.00
# Visual Studio 14
VisualStudioVersion = 14.0.25420.1
MinimumVisualStudioVersion = 10.0.40219.1
Project("{FAE04EC0-301F-11D3-BF4B-00C04F79EFBC}") = "ResourceMigratorExtension", "ResourceMigratorExtension\ResourceMigratorExtension.csproj", "{5A3DC122-9DA9-4A1B-9E39-71C69BC4E03F}"
EndProject
Project("{FAE04EC0-301F-11D3-BF4B-00C04F79EFBC}") = "ResourceMigratorConsoleApp", "ResourceMigratorConsoleApp\ResourceMigratorConsoleApp.csproj", "{5C4ACE5A-AD20-41A2-B345-091B1F64F23B}"
EndProject
Project("{FAE04EC0-301F-11D3-BF4B-00C04F79EFBC}") = "ResourceMigrator", "ResourceMigrator\ResourceMigrator.csproj", "{719CEEE3-FF1C-4752-93CB-8CAFF0B3BA18}"
EndProject
Project("{FAE04EC0-301F-11D3-BF4B-00C04F79EFBC}") = "ResourceMigratorXamExtension", "ResourceMigratorXamExtension\ResourceMigratorXamExtension.csproj", "{DD570568-344A-43D7-8E8F-97415A476820}"
EndProject
Global
	GlobalSection(SolutionConfigurationPlatforms) = preSolution
		Debug|Any CPU = Debug|Any CPU
		Release|Any CPU = Release|Any CPU
	EndGlobalSection
	GlobalSection(ProjectConfigurationPlatforms) = postSolution
		{5A3DC122-9DA9-4A1B-9E39-71C69BC4E03F}.Debug|Any CPU.ActiveCfg = Debug|Any CPU
		{5A3DC122-9DA9-4A1B-9E39-71C69BC4E03F}.Debug|Any CPU.Build.0 = Debug|Any CPU
		{5A3DC122-9DA9-4A1B-9E39-71C69BC4E03F}.Release|Any CPU.ActiveCfg = Release|Any CPU
		{5A3DC122-9DA9-4A1B-9E39-71C69BC4E03F}.Release|Any CPU.Build.0 = Release|Any CPU
		{5C4ACE5A-AD20-41A2-B345-091B1F64F23B}.Debug|Any CPU.ActiveCfg = Debug|Any CPU
		{5C4ACE5A-AD20-41A2-B345-091B1F64F23B}.Debug|Any CPU.Build.0 = Debug|Any CPU
		{5C4ACE5A-AD20-41A2-B345-091B1F64F23B}.Release|Any CPU.ActiveCfg = Release|Any CPU
		{5C4ACE5A-AD20-41A2-B345-091B1F64F23B}.Release|Any CPU.Build.0 = Release|Any CPU
		{719CEEE3-FF1C-4752-93CB-8CAFF0B3BA18}.Debug|Any CPU.ActiveCfg = Debug|Any CPU
		{719CEEE3-FF1C-4752-93CB-8CAFF0B3BA18}.Debug|Any CPU.Build.0 = Debug|Any CPU
		{719CEEE3-FF1C-4752-93CB-8CAFF0B3BA18}.Release|Any CPU.ActiveCfg = Release|Any CPU
		{719CEEE3-FF1C-4752-93CB-8CAFF0B3BA18}.Release|Any CPU.Build.0 = Release|Any CPU
		{DD570568-344A-43D7-8E8F-97415A476820}.Debug|Any CPU.ActiveCfg = Debug|Any CPU
		{DD570568-344A-43D7-8E8F-97415A476820}.Debug|Any CPU.Build.0 = Debug|Any CPU
		{DD570568-344A-43D7-8E8F-97415A476820}.Release|Any CPU.ActiveCfg = Release|Any CPU
		{DD570568-344A-43D7-8E8F-97415A476820}.Release|Any CPU.Build.0 = Release|Any CPU
	EndGlobalSection
	GlobalSection(SolutionProperties) = preSolution
		HideSolutionNode = FALSE
	EndGlobalSection
EndGlobal
